
Microsoft Visual Studio Solution File, Format Version 11.00
# Visual Studio 2010
Project("{FAE04EC0-301F-11D3-BF4B-00C04F79EFBC}") = "Assembly-CSharp", "Assembly-CSharp.csproj", "{BB9A8DCF-442C-811D-244A-68AFD91F5A95}"
EndProject
Project("{FAE04EC0-301F-11D3-BF4B-00C04F79EFBC}") = "Assembly-CSharp-Editor", "Assembly-CSharp-Editor.csproj", "{1C20C276-66AA-6F8F-8409-8345F90E8D9F}"
EndProject
Global
	GlobalSection(SolutionConfigurationPlatforms) = preSolution
		Debug|Any CPU = Debug|Any CPU
		Release|Any CPU = Release|Any CPU
	EndGlobalSection
	GlobalSection(ProjectConfigurationPlatforms) = postSolution
		{BB9A8DCF-442C-811D-244A-68AFD91F5A95}.Debug|Any CPU.ActiveCfg = Debug|Any CPU
		{BB9A8DCF-442C-811D-244A-68AFD91F5A95}.Debug|Any CPU.Build.0 = Debug|Any CPU
		{BB9A8DCF-442C-811D-244A-68AFD91F5A95}.Release|Any CPU.ActiveCfg = Release|Any CPU
		{BB9A8DCF-442C-811D-244A-68AFD91F5A95}.Release|Any CPU.Build.0 = Release|Any CPU
		{1C20C276-66AA-6F8F-8409-8345F90E8D9F}.Debug|Any CPU.ActiveCfg = Debug|Any CPU
		{1C20C276-66AA-6F8F-8409-8345F90E8D9F}.Debug|Any CPU.Build.0 = Debug|Any CPU
		{1C20C276-66AA-6F8F-8409-8345F90E8D9F}.Release|Any CPU.ActiveCfg = Release|Any CPU
		{1C20C276-66AA-6F8F-8409-8345F90E8D9F}.Release|Any CPU.Build.0 = Release|Any CPU
	EndGlobalSection
	GlobalSection(SolutionProperties) = preSolution
		HideSolutionNode = FALSE
	EndGlobalSection
EndGlobal
